
Microsoft Visual Studio Solution File, Format Version 12.00
# Visual Studio Version 16
VisualStudioVersion = 16.0.29613.14
MinimumVisualStudioVersion = 10.0.40219.1
Project("{FAE04EC0-301F-11D3-BF4B-00C04F79EFBC}") = "CS_ASP_014", "CS_ASP_014.csproj", "{23414770-FD98-4A8C-89E3-62C8B8838B64}"
EndProject
Global
	GlobalSection(SolutionConfigurationPlatforms) = preSolution
		Debug|Any CPU = Debug|Any CPU
		Release|Any CPU = Release|Any CPU
	EndGlobalSection
	GlobalSection(ProjectConfigurationPlatforms) = postSolution
		{23414770-FD98-4A8C-89E3-62C8B8838B64}.Debug|Any CPU.ActiveCfg = Debug|Any CPU
		{23414770-FD98-4A8C-89E3-62C8B8838B64}.Debug|Any CPU.Build.0 = Debug|Any CPU
		{23414770-FD98-4A8C-89E3-62C8B8838B64}.Release|Any CPU.ActiveCfg = Release|Any CPU
		{23414770-FD98-4A8C-89E3-62C8B8838B64}.Release|Any CPU.Build.0 = Release|Any CPU
	EndGlobalSection
	GlobalSection(SolutionProperties) = preSolution
		HideSolutionNode = FALSE
	EndGlobalSection
	GlobalSection(ExtensibilityGlobals) = postSolution
		SolutionGuid = {8A5342DD-B09C-4173-BB34-803B0D8B34C8}
	EndGlobalSection
EndGlobal
